
Microsoft Visual Studio Solution File, Format Version 12.00
# Visual Studio 14
VisualStudioVersion = 14.0.23107.0
MinimumVisualStudioVersion = 10.0.40219.1
Project("{FAE04EC0-301F-11D3-BF4B-00C04F79EFBC}") = "Sistema_de _inventarioGP2", "Sistema_de _inventarioGP2\Sistema_de _inventarioGP2.csproj", "{446E4C80-4B0D-434E-A9C4-612918215401}"
EndProject
Project("{FAE04EC0-301F-11D3-BF4B-00C04F79EFBC}") = "Capa_Gestion_de_seguridad", "Capa_Gestion_de_seguridad\Capa_Gestion_de_seguridad.csproj", "{BBE06656-7654-436B-BF70-70B3DB245FA6}"
EndProject
Global
	GlobalSection(SolutionConfigurationPlatforms) = preSolution
		Debug|Any CPU = Debug|Any CPU
		Release|Any CPU = Release|Any CPU
	EndGlobalSection
	GlobalSection(ProjectConfigurationPlatforms) = postSolution
		{446E4C80-4B0D-434E-A9C4-612918215401}.Debug|Any CPU.ActiveCfg = Debug|Any CPU
		{446E4C80-4B0D-434E-A9C4-612918215401}.Debug|Any CPU.Build.0 = Debug|Any CPU
		{446E4C80-4B0D-434E-A9C4-612918215401}.Release|Any CPU.ActiveCfg = Release|Any CPU
		{446E4C80-4B0D-434E-A9C4-612918215401}.Release|Any CPU.Build.0 = Release|Any CPU
		{BBE06656-7654-436B-BF70-70B3DB245FA6}.Debug|Any CPU.ActiveCfg = Debug|Any CPU
		{BBE06656-7654-436B-BF70-70B3DB245FA6}.Debug|Any CPU.Build.0 = Debug|Any CPU
		{BBE06656-7654-436B-BF70-70B3DB245FA6}.Release|Any CPU.ActiveCfg = Release|Any CPU
		{BBE06656-7654-436B-BF70-70B3DB245FA6}.Release|Any CPU.Build.0 = Release|Any CPU
	EndGlobalSection
	GlobalSection(SolutionProperties) = preSolution
		HideSolutionNode = FALSE
	EndGlobalSection
EndGlobal
